
Microsoft Visual Studio Solution File, Format Version 12.00
# Visual Studio Version 16
VisualStudioVersion = 16.0.29609.76
MinimumVisualStudioVersion = 10.0.40219.1
Project("{FAE04EC0-301F-11D3-BF4B-00C04F79EFBC}") = "ReverseEachWord", "ReverseEachWord\ReverseEachWord.csproj", "{E616D77C-E338-4685-81DA-FB234C6B71D9}"
EndProject
Global
	GlobalSection(SolutionConfigurationPlatforms) = preSolution
		Debug|Any CPU = Debug|Any CPU
		Release|Any CPU = Release|Any CPU
	EndGlobalSection
	GlobalSection(ProjectConfigurationPlatforms) = postSolution
		{E616D77C-E338-4685-81DA-FB234C6B71D9}.Debug|Any CPU.ActiveCfg = Debug|Any CPU
		{E616D77C-E338-4685-81DA-FB234C6B71D9}.Debug|Any CPU.Build.0 = Debug|Any CPU
		{E616D77C-E338-4685-81DA-FB234C6B71D9}.Release|Any CPU.ActiveCfg = Release|Any CPU
		{E616D77C-E338-4685-81DA-FB234C6B71D9}.Release|Any CPU.Build.0 = Release|Any CPU
	EndGlobalSection
	GlobalSection(SolutionProperties) = preSolution
		HideSolutionNode = FALSE
	EndGlobalSection
	GlobalSection(ExtensibilityGlobals) = postSolution
		SolutionGuid = {1E1881CA-DED8-498A-8D4E-A1DFB8679A6D}
	EndGlobalSection
EndGlobal
